
Microsoft Visual Studio Solution File, Format Version 12.00
# Visual Studio Version 17
VisualStudioVersion = 17.8.34330.188
MinimumVisualStudioVersion = 10.0.40219.1
Project("{FAE04EC0-301F-11D3-BF4B-00C04F79EFBC}") = "mod2_les4_4", "mod2_les4_4\mod2_les4_4.csproj", "{BFD4BAE0-B7F5-447F-B1E6-6542A3D6F8D8}"
EndProject
Global
	GlobalSection(SolutionConfigurationPlatforms) = preSolution
		Debug|Any CPU = Debug|Any CPU
		Release|Any CPU = Release|Any CPU
	EndGlobalSection
	GlobalSection(ProjectConfigurationPlatforms) = postSolution
		{BFD4BAE0-B7F5-447F-B1E6-6542A3D6F8D8}.Debug|Any CPU.ActiveCfg = Debug|Any CPU
		{BFD4BAE0-B7F5-447F-B1E6-6542A3D6F8D8}.Debug|Any CPU.Build.0 = Debug|Any CPU
		{BFD4BAE0-B7F5-447F-B1E6-6542A3D6F8D8}.Release|Any CPU.ActiveCfg = Release|Any CPU
		{BFD4BAE0-B7F5-447F-B1E6-6542A3D6F8D8}.Release|Any CPU.Build.0 = Release|Any CPU
	EndGlobalSection
	GlobalSection(SolutionProperties) = preSolution
		HideSolutionNode = FALSE
	EndGlobalSection
	GlobalSection(ExtensibilityGlobals) = postSolution
		SolutionGuid = {584CE517-CF89-48FC-88A0-D011267A1A25}
	EndGlobalSection
EndGlobal
